
Microsoft Visual Studio Solution File, Format Version 12.00
Project("{FAE04EC0-301F-11D3-BF4B-00C04F79EFBC}") = "LAB4GIK299_Grupp5", "LAB4GIK299_Grupp5\LAB4GIK299_Grupp5.csproj", "{AAA9D0F0-C0A2-4AAB-8933-89BCDDAF386A}"
EndProject
Global
	GlobalSection(SolutionConfigurationPlatforms) = preSolution
		Debug|Any CPU = Debug|Any CPU
		Release|Any CPU = Release|Any CPU
	EndGlobalSection
	GlobalSection(ProjectConfigurationPlatforms) = postSolution
		{AAA9D0F0-C0A2-4AAB-8933-89BCDDAF386A}.Debug|Any CPU.ActiveCfg = Debug|Any CPU
		{AAA9D0F0-C0A2-4AAB-8933-89BCDDAF386A}.Debug|Any CPU.Build.0 = Debug|Any CPU
		{AAA9D0F0-C0A2-4AAB-8933-89BCDDAF386A}.Release|Any CPU.ActiveCfg = Release|Any CPU
		{AAA9D0F0-C0A2-4AAB-8933-89BCDDAF386A}.Release|Any CPU.Build.0 = Release|Any CPU
	EndGlobalSection
EndGlobal
